// !$*UTF8*$!
{
	archiveVersion = 1;
	classes = {
	};
	objectVersion = 48;
	objects = {

/* Begin PBXBuildFile section */
		BB3F3DB11FFD761300184D79 /* AppDelegate.swift in Sources */ = {isa = PBXBuildFile; fileRef = BB3F3DB01FFD761300184D79 /* AppDelegate.swift */; };
		BB3F3DB31FFD761300184D79 /* ViewController.swift in Sources */ = {isa = PBXBuildFile; fileRef = BB3F3DB21FFD761300184D79 /* ViewController.swift */; };
		BB3F3DB61FFD761300184D79 /* Main.storyboard in Resources */ = {isa = PBXBuildFile; fileRef = BB3F3DB41FFD761300184D79 /* Main.storyboard */; };
		BB3F3DB91FFD761300184D79 /* mapkitStuff.xcdatamodeld in Sources */ = {isa = PBXBuildFile; fileRef = BB3F3DB71FFD761300184D79 /* mapkitStuff.xcdatamodeld */; };
		BB3F3DBB1FFD761300184D79 /* Assets.xcassets in Resources */ = {isa = PBXBuildFile; fileRef = BB3F3DBA1FFD761300184D79 /* Assets.xcassets */; };
		BB3F3DBE1FFD761300184D79 /* LaunchScreen.storyboard in Resources */ = {isa = PBXBuildFile; fileRef = BB3F3DBC1FFD761300184D79 /* LaunchScreen.storyboard */; };
		BB3F3DC91FFD761300184D79 /* mapkitStuffTests.swift in Sources */ = {isa = PBXBuildFile; fileRef = BB3F3DC81FFD761300184D79 /* mapkitStuffTests.swift */; };
		BB3F3DD51FFD761E00184D79 /* MapKit.framework in Frameworks */ = {isa = PBXBuildFile; fileRef = BB3F3DD41FFD761E00184D79 /* MapKit.framework */; };
		BB3F3DD71FFED0F500184D79 /* NetworkManager.swift in Sources */ = {isa = PBXBuildFile; fileRef = BB3F3DD61FFED0F500184D79 /* NetworkManager.swift */; };
		BB3F3DD91FFED1A700184D79 /* NetworkmanagerDelegate.swift in Sources */ = {isa = PBXBuildFile; fileRef = BB3F3DD81FFED1A700184D79 /* NetworkmanagerDelegate.swift */; };
		BB3F3DDB1FFEFED400184D79 /* place.swift in Sources */ = {isa = PBXBuildFile; fileRef = BB3F3DDA1FFEFED400184D79 /* place.swift */; };
		BB9D1F451FFFEE4D003D1A5B /* DetailController.swift in Sources */ = {isa = PBXBuildFile; fileRef = BB9D1F441FFFEE4D003D1A5B /* DetailController.swift */; };
/* End PBXBuildFile section */

/* Begin PBXContainerItemProxy section */
		BB3F3DC51FFD761300184D79 /* PBXContainerItemProxy */ = {
			isa = PBXContainerItemProxy;
			containerPortal = BB3F3DA51FFD761300184D79 /* Project object */;
			proxyType = 1;
			remoteGlobalIDString = BB3F3DAC1FFD761300184D79;
			remoteInfo = mapkitStuff;
		};
/* End PBXContainerItemProxy section */

/* Begin PBXFileReference section */
		BB3F3DAD1FFD761300184D79 /* mapkitStuff.app */ = {isa = PBXFileReference; explicitFileType = wrapper.application; includeInIndex = 0; path = mapkitStuff.app; sourceTree = BUILT_PRODUCTS_DIR; };
		BB3F3DB01FFD761300184D79 /* AppDelegate.swift */ = {isa = PBXFileReference; lastKnownFileType = sourcecode.swift; path = AppDelegate.swift; sourceTree = "<group>"; };
		BB3F3DB21FFD761300184D79 /* ViewController.swift */ = {isa = PBXFileReference; lastKnownFileType = sourcecode.swift; path = ViewController.swift; sourceTree = "<group>"; };
		BB3F3DB51FFD761300184D79 /* Base */ = {isa = PBXFileReference; lastKnownFileType = file.storyboard; name = Base; path = Base.lproj/Main.storyboard; sourceTree = "<group>"; };
		BB3F3DB81FFD761300184D79 /* mapkitStuff.xcdatamodel */ = {isa = PBXFileReference; lastKnownFileType = wrapper.xcdatamodel; path = mapkitStuff.xcdatamodel; sourceTree = "<group>"; };
		BB3F3DBA1FFD761300184D79 /* Assets.xcassets */ = {isa = PBXFileReference; lastKnownFileType = folder.assetcatalog; path = Assets.xcassets; sourceTree = "<group>"; };
		BB3F3DBD1FFD761300184D79 /* Base */ = {isa = PBXFileReference; lastKnownFileType = file.storyboard; name = Base; path = Base.lproj/LaunchScreen.storyboard; sourceTree = "<group>"; };
		BB3F3DBF1FFD761300184D79 /* Info.plist */ = {isa = PBXFileReference; lastKnownFileType = text.plist.xml; path = Info.plist; sourceTree = "<group>"; };
		BB3F3DC41FFD761300184D79 /* mapkitStuffTests.xctest */ = {isa = PBXFileReference; explicitFileType = wrapper.cfbundle; includeInIndex = 0; path = mapkitStuffTests.xctest; sourceTree = BUILT_PRODUCTS_DIR; };
		BB3F3DC81FFD761300184D79 /* mapkitStuffTests.swift */ = {isa = PBXFileReference; lastKnownFileType = sourcecode.swift; path = mapkitStuffTests.swift; sourceTree = "<group>"; };
		BB3F3DCA1FFD761300184D79 /* Info.plist */ = {isa = PBXFileReference; lastKnownFileType = text.plist.xml; path = Info.plist; sourceTree = "<group>"; };
		BB3F3DD41FFD761E00184D79 /* MapKit.framework */ = {isa = PBXFileReference; lastKnownFileType = wrapper.framework; name = MapKit.framework; path = System/Library/Frameworks/MapKit.framework; sourceTree = SDKROOT; };
		BB3F3DD61FFED0F500184D79 /* NetworkManager.swift */ = {isa = PBXFileReference; lastKnownFileType = sourcecode.swift; path = NetworkManager.swift; sourceTree = "<group>"; };
		BB3F3DD81FFED1A700184D79 /* NetworkmanagerDelegate.swift */ = {isa = PBXFileReference; lastKnownFileType = sourcecode.swift; path = NetworkmanagerDelegate.swift; sourceTree = "<group>"; };
		BB3F3DDA1FFEFED400184D79 /* place.swift */ = {isa = PBXFileReference; lastKnownFileType = sourcecode.swift; path = place.swift; sourceTree = "<group>"; };
		BB9D1F441FFFEE4D003D1A5B /* DetailController.swift */ = {isa = PBXFileReference; lastKnownFileType = sourcecode.swift; path = DetailController.swift; sourceTree = "<group>"; };
/* End PBXFileReference section */

/* Begin PBXFrameworksBuildPhase section */
		BB3F3DAA1FFD761300184D79 /* Frameworks */ = {
			isa = PBXFrameworksBuildPhase;
			buildActionMask = 2147483647;
			files = (
				BB3F3DD51FFD761E00184D79 /* MapKit.framework in Frameworks */,
			);
			runOnlyForDeploymentPostprocessing = 0;
		};
		BB3F3DC11FFD761300184D79 /* Frameworks */ = {
			isa = PBXFrameworksBuildPhase;
			buildActionMask = 2147483647;
			files = (
			);
			runOnlyForDeploymentPostprocessing = 0;
		};
/* End PBXFrameworksBuildPhase section */

/* Begin PBXGroup section */
		BB3F3DA41FFD761300184D79 = {
			isa = PBXGroup;
			children = (
				BB3F3DAF1FFD761300184D79 /* mapkitStuff */,
				BB3F3DC71FFD761300184D79 /* mapkitStuffTests */,
				BB3F3DAE1FFD761300184D79 /* Products */,
				BB3F3DD31FFD761E00184D79 /* Frameworks */,
			);
			sourceTree = "<group>";
		};
		BB3F3DAE1FFD761300184D79 /* Products */ = {
			isa = PBXGroup;
			children = (
				BB3F3DAD1FFD761300184D79 /* mapkitStuff.app */,
				BB3F3DC41FFD761300184D79 /* mapkitStuffTests.xctest */,
			);
			name = Products;
			sourceTree = "<group>";
		};
		BB3F3DAF1FFD761300184D79 /* mapkitStuff */ = {
			isa = PBXGroup;
			children = (
				BB3F3DB01FFD761300184D79 /* AppDelegate.swift */,
				BB9D1F441FFFEE4D003D1A5B /* DetailController.swift */,
				BB3F3DB21FFD761300184D79 /* ViewController.swift */,
				BB3F3DB41FFD761300184D79 /* Main.storyboard */,
				BB3F3DDA1FFEFED400184D79 /* place.swift */,
				BB3F3DBA1FFD761300184D79 /* Assets.xcassets */,
				BB3F3DD61FFED0F500184D79 /* NetworkManager.swift */,
				BB3F3DBC1FFD761300184D79 /* LaunchScreen.storyboard */,
				BB3F3DD81FFED1A700184D79 /* NetworkmanagerDelegate.swift */,
				BB3F3DBF1FFD761300184D79 /* Info.plist */,
				BB3F3DB71FFD761300184D79 /* mapkitStuff.xcdatamodeld */,
			);
			path = mapkitStuff;
			sourceTree = "<group>";
		};
		BB3F3DC71FFD761300184D79 /* mapkitStuffTests */ = {
			isa = PBXGroup;
			children = (
				BB3F3DC81FFD761300184D79 /* mapkitStuffTests.swift */,
				BB3F3DCA1FFD761300184D79 /* Info.plist */,
			);
			path = mapkitStuffTests;
			sourceTree = "<group>";
		};
		BB3F3DD31FFD761E00184D79 /* Frameworks */ = {
			isa = PBXGroup;
			children = (
				BB3F3DD41FFD761E00184D79 /* MapKit.framework */,
			);
			name = Frameworks;
			sourceTree = "<group>";
		};
/* End PBXGroup section */

/* Begin PBXNativeTarget section */
		BB3F3DAC1FFD761300184D79 /* mapkitStuff */ = {
			isa = PBXNativeTarget;
			buildConfigurationList = BB3F3DCD1FFD761300184D79 /* Build configuration list for PBXNativeTarget "mapkitStuff" */;
			buildPhases = (
				BB3F3DA91FFD761300184D79 /* Sources */,
				BB3F3DAA1FFD761300184D79 /* Frameworks */,
				BB3F3DAB1FFD761300184D79 /* Resources */,
			);
			buildRules = (
			);
			dependencies = (
			);
			name = mapkitStuff;
			productName = mapkitStuff;
			productReference = BB3F3DAD1FFD761300184D79 /* mapkitStuff.app */;
			productType = "com.apple.product-type.application";
		};
		BB3F3DC31FFD761300184D79 /* mapkitStuffTests */ = {
			isa = PBXNativeTarget;
			buildConfigurationList = BB3F3DD01FFD761300184D79 /* Build configuration list for PBXNativeTarget "mapkitStuffTests" */;
			buildPhases = (
				BB3F3DC01FFD761300184D79 /* Sources */,
				BB3F3DC11FFD761300184D79 /* Frameworks */,
				BB3F3DC21FFD761300184D79 /* Resources */,
			);
			buildRules = (
			);
			dependencies = (
				BB3F3DC61FFD761300184D79 /* PBXTargetDependency */,
			);
			name = mapkitStuffTests;
			productName = mapkitStuffTests;
			productReference = BB3F3DC41FFD761300184D79 /* mapkitStuffTests.xctest */;
			productType = "com.apple.product-type.bundle.unit-test";
		};
/* End PBXNativeTarget section */

/* Begin PBXProject section */
		BB3F3DA51FFD761300184D79 /* Project object */ = {
			isa = PBXProject;
			attributes = {
				LastSwiftUpdateCheck = 0920;
				LastUpgradeCheck = 0920;
				ORGANIZATIONNAME = "MCS Devices";
				TargetAttributes = {
					BB3F3DAC1FFD761300184D79 = {
						CreatedOnToolsVersion = 9.2;
						ProvisioningStyle = Automatic;
						SystemCapabilities = {
							com.apple.Maps.iOS = {
								enabled = 1;
							};
						};
					};
					BB3F3DC31FFD761300184D79 = {
						CreatedOnToolsVersion = 9.2;
						ProvisioningStyle = Automatic;
						TestTargetID = BB3F3DAC1FFD761300184D79;
					};
				};
			};
			buildConfigurationList = BB3F3DA81FFD761300184D79 /* Build configuration list for PBXProject "mapkitStuff" */;
			compatibilityVersion = "Xcode 8.0";
			developmentRegion = en;
			hasScannedForEncodings = 0;
			knownRegions = (
				en,
				Base,
			);
			mainGroup = BB3F3DA41FFD761300184D79;
			productRefGroup = BB3F3DAE1FFD761300184D79 /* Products */;
			projectDirPath = "";
			projectRoot = "";
			targets = (
				BB3F3DAC1FFD761300184D79 /* mapkitStuff */,
				BB3F3DC31FFD761300184D79 /* mapkitStuffTests */,
			);
		};
/* End PBXProject section */

/* Begin PBXResourcesBuildPhase section */
		BB3F3DAB1FFD761300184D79 /* Resources */ = {
			isa = PBXResourcesBuildPhase;
			buildActionMask = 2147483647;
			files = (
				BB3F3DBE1FFD761300184D79 /* LaunchScreen.storyboard in Resources */,
				BB3F3DBB1FFD761300184D79 /* Assets.xcassets in Resources */,
				BB3F3DB61FFD761300184D79 /* Main.storyboard in Resources */,
			);
			runOnlyForDeploymentPostprocessing = 0;
		};
		BB3F3DC21FFD761300184D79 /* Resources */ = {
			isa = PBXResourcesBuildPhase;
			buildActionMask = 2147483647;
			files = (
			);
			runOnlyForDeploymentPostprocessing = 0;
		};
/* End PBXResourcesBuildPhase section */

/* Begin PBXSourcesBuildPhase section */
		BB3F3DA91FFD761300184D79 /* Sources */ = {
			isa = PBXSourcesBuildPhase;
			buildActionMask = 2147483647;
			files = (
				BB3F3DD71FFED0F500184D79 /* NetworkManager.swift in Sources */,
				BB9D1F451FFFEE4D003D1A5B /* DetailController.swift in Sources */,
				BB3F3DB91FFD761300184D79 /* mapkitStuff.xcdatamodeld in Sources */,
				BB3F3DB31FFD761300184D79 /* ViewController.swift in Sources */,
				BB3F3DDB1FFEFED400184D79 /* place.swift in Sources */,
				BB3F3DB11FFD761300184D79 /* AppDelegate.swift in Sources */,
				BB3F3DD91FFED1A700184D79 /* NetworkmanagerDelegate.swift in Sources */,
			);
			runOnlyForDeploymentPostprocessing = 0;
		};
		BB3F3DC01FFD761300184D79 /* Sources */ = {
			isa = PBXSourcesBuildPhase;
			buildActionMask = 2147483647;
			files = (
				BB3F3DC91FFD761300184D79 /* mapkitStuffTests.swift in Sources */,
			);
			runOnlyForDeploymentPostprocessing = 0;
		};
/* End PBXSourcesBuildPhase section */

/* Begin PBXTargetDependency section */
		BB3F3DC61FFD761300184D79 /* PBXTargetDependency */ = {
			isa = PBXTargetDependency;
			target = BB3F3DAC1FFD761300184D79 /* mapkitStuff */;
			targetProxy = BB3F3DC51FFD761300184D79 /* PBXContainerItemProxy */;
		};
/* End PBXTargetDependency section */

/* Begin PBXVariantGroup section */
		BB3F3DB41FFD761300184D79 /* Main.storyboard */ = {
			isa = PBXVariantGroup;
			children = (
				BB3F3DB51FFD761300184D79 /* Base */,
			);
			name = Main.storyboard;
			sourceTree = "<group>";
		};
		BB3F3DBC1FFD761300184D79 /* LaunchScreen.storyboard */ = {
			isa = PBXVariantGroup;
			children = (
				BB3F3DBD1FFD761300184D79 /* Base */,
			);
			name = LaunchScreen.storyboard;
			sourceTree = "<group>";
		};
/* End PBXVariantGroup section */

/* Begin XCBuildConfiguration section */
		BB3F3DCB1FFD761300184D79 /* Debug */ = {
			isa = XCBuildConfiguration;
			buildSettings = {
				ALWAYS_SEARCH_USER_PATHS = NO;
				CLANG_ANALYZER_NONNULL = YES;
				CLANG_ANALYZER_NUMBER_OBJECT_CONVERSION = YES_AGGRESSIVE;
				CLANG_CXX_LANGUAGE_STANDARD = "gnu++14";
				CLANG_CXX_LIBRARY = "libc++";
				CLANG_ENABLE_MODULES = YES;
				CLANG_ENABLE_OBJC_ARC = YES;
				CLANG_WARN_BLOCK_CAPTURE_AUTORELEASING = YES;
				CLANG_WARN_BOOL_CONVERSION = YES;
				CLANG_WARN_COMMA = YES;
				CLANG_WARN_CONSTANT_CONVERSION = YES;
				CLANG_WARN_DIRECT_OBJC_ISA_USAGE = YES_ERROR;
				CLANG_WARN_DOCUMENTATION_COMMENTS = YES;
				CLANG_WARN_EMPTY_BODY = YES;
				CLANG_WARN_ENUM_CONVERSION = YES;
				CLANG_WARN_INFINITE_RECURSION = YES;
				CLANG_WARN_INT_CONVERSION = YES;
				CLANG_WARN_NON_LITERAL_NULL_CONVERSION = YES;
				CLANG_WARN_OBJC_LITERAL_CONVERSION = YES;
				CLANG_WARN_OBJC_ROOT_CLASS = YES_ERROR;
				CLANG_WARN_RANGE_LOOP_ANALYSIS = YES;
				CLANG_WARN_STRICT_PROTOTYPES = YES;
				CLANG_WARN_SUSPICIOUS_MOVE = YES;
				CLANG_WARN_UNGUARDED_AVAILABILITY = YES_AGGRESSIVE;
				CLANG_WARN_UNREACHABLE_CODE = YES;
				CLANG_WARN__DUPLICATE_METHOD_MATCH = YES;
				CODE_SIGN_IDENTITY = "iPhone Developer";
				COPY_PHASE_STRIP = NO;
				DEBUG_INFORMATION_FORMAT = dwarf;
				ENABLE_STRICT_OBJC_MSGSEND = YES;
				ENABLE_TESTABILITY = YES;
				GCC_C_LANGUAGE_STANDARD = gnu11;
				GCC_DYNAMIC_NO_PIC = NO;
				GCC_NO_COMMON_BLOCKS = YES;
				GCC_OPTIMIZATION_LEVEL = 0;
				GCC_PREPROCESSOR_DEFINITIONS = (
					"DEBUG=1",
					"$(inherited)",
				);
				GCC_WARN_64_TO_32_BIT_CONVERSION = YES;
				GCC_WARN_ABOUT_RETURN_TYPE = YES_ERROR;
				GCC_WARN_UNDECLARED_SELECTOR = YES;
				GCC_WARN_UNINITIALIZED_AUTOS = YES_AGGRESSIVE;
				GCC_WARN_UNUSED_FUNCTION = YES;
				GCC_WARN_UNUSED_VARIABLE = YES;
				IPHONEOS_DEPLOYMENT_TARGET = 11.2;
				MTL_ENABLE_DEBUG_INFO = YES;
				ONLY_ACTIVE_ARCH = YES;
				SDKROOT = iphoneos;
				SWIFT_ACTIVE_COMPILATION_CONDITIONS = DEBUG;
				SWIFT_OPTIMIZATION_LEVEL = "-Onone";
			};
			name = Debug;
		};
		BB3F3DCC1FFD761300184D79 /* Release */ = {
			isa = XCBuildConfiguration;
			buildSettings = {
				ALWAYS_SEARCH_USER_PATHS = NO;
				CLANG_ANALYZER_NONNULL = YES;
				CLANG_ANALYZER_NUMBER_OBJECT_CONVERSION = YES_AGGRESSIVE;
				CLANG_CXX_LANGUAGE_STANDARD = "gnu++14";
				CLANG_CXX_LIBRARY = "libc++";
				CLANG_ENABLE_MODULES = YES;
				CLANG_ENABLE_OBJC_ARC = YES;
				CLANG_WARN_BLOCK_CAPTURE_AUTORELEASING = YES;
				CLANG_WARN_BOOL_CONVERSION = YES;
				CLANG_WARN_COMMA = YES;
				CLANG_WARN_CONSTANT_CONVERSION = YES;
				CLANG_WARN_DIRECT_OBJC_ISA_USAGE = YES_ERROR;
				CLANG_WARN_DOCUMENTATION_COMMENTS = YES;
				CLANG_WARN_EMPTY_BODY = YES;
				CLANG_WARN_ENUM_CONVERSION = YES;
				CLANG_WARN_INFINITE_RECURSION = YES;
				CLANG_WARN_INT_CONVERSION = YES;
				CLANG_WARN_NON_LITERAL_NULL_CONVERSION = YES;
				CLANG_WARN_OBJC_LITERAL_CONVERSION = YES;
				CLANG_WARN_OBJC_ROOT_CLASS = YES_ERROR;
				CLANG_WARN_RANGE_LOOP_ANALYSIS = YES;
				CLANG_WARN_STRICT_PROTOTYPES = YES;
				CLANG_WARN_SUSPICIOUS_MOVE = YES;
				CLANG_WARN_UNGUARDED_AVAILABILITY = YES_AGGRESSIVE;
				CLANG_WARN_UNREACHABLE_CODE = YES;
				CLANG_WARN__DUPLICATE_METHOD_MATCH = YES;
				CODE_SIGN_IDENTITY = "iPhone Developer";
				COPY_PHASE_STRIP = NO;
				DEBUG_INFORMATION_FORMAT = "dwarf-with-dsym";
				ENABLE_NS_ASSERTIONS = NO;
				ENABLE_STRICT_OBJC_MSGSEND = YES;
				GCC_C_LANGUAGE_STANDARD = gnu11;
				GCC_NO_COMMON_BLOCKS = YES;
				GCC_WARN_64_TO_32_BIT_CONVERSION = YES;
				GCC_WARN_ABOUT_RETURN_TYPE = YES_ERROR;
				GCC_WARN_UNDECLARED_SELECTOR = YES;
				GCC_WARN_UNINITIALIZED_AUTOS = YES_AGGRESSIVE;
				GCC_WARN_UNUSED_FUNCTION = YES;
				GCC_WARN_UNUSED_VARIABLE = YES;
				IPHONEOS_DEPLOYMENT_TARGET = 11.2;
				MTL_ENABLE_DEBUG_INFO = NO;
				SDKROOT = iphoneos;
				SWIFT_OPTIMIZATION_LEVEL = "-Owholemodule";
				VALIDATE_PRODUCT = YES;
			};
			name = Release;
		};
		BB3F3DCE1FFD761300184D79 /* Debug */ = {
			isa = XCBuildConfiguration;
			buildSettings = {
				ASSETCATALOG_COMPILER_APPICON_NAME = AppIcon;
				CODE_SIGN_STYLE = Automatic;
				DEVELOPMENT_TEAM = MQGFV89F88;
				INFOPLIST_FILE = mapkitStuff/Info.plist;
				LD_RUNPATH_SEARCH_PATHS = "$(inherited) @executable_path/Frameworks";
				PRODUCT_BUNDLE_IDENTIFIER = MCS.mapkitStuff;
				PRODUCT_NAME = "$(TARGET_NAME)";
				SWIFT_VERSION = 4.0;
				TARGETED_DEVICE_FAMILY = "1,2";
			};
			name = Debug;
		};
		BB3F3DCF1FFD761300184D79 /* Release */ = {
			isa = XCBuildConfiguration;
			buildSettings = {
				ASSETCATALOG_COMPILER_APPICON_NAME = AppIcon;
				CODE_SIGN_STYLE = Automatic;
				DEVELOPMENT_TEAM = MQGFV89F88;
				INFOPLIST_FILE = mapkitStuff/Info.plist;
				LD_RUNPATH_SEARCH_PATHS = "$(inherited) @executable_path/Frameworks";
				PRODUCT_BUNDLE_IDENTIFIER = MCS.mapkitStuff;
				PRODUCT_NAME = "$(TARGET_NAME)";
				SWIFT_VERSION = 4.0;
				TARGETED_DEVICE_FAMILY = "1,2";
			};
			name = Release;
		};
		BB3F3DD11FFD761300184D79 /* Debug */ = {
			isa = XCBuildConfiguration;
			buildSettings = {
				ALWAYS_EMBED_SWIFT_STANDARD_LIBRARIES = YES;
				BUNDLE_LOADER = "$(TEST_HOST)";
				CODE_SIGN_STYLE = Automatic;
				DEVELOPMENT_TEAM = MQGFV89F88;
				INFOPLIST_FILE = mapkitStuffTests/Info.plist;
				LD_RUNPATH_SEARCH_PATHS = "$(inherited) @executable_path/Frameworks @loader_path/Frameworks";
				PRODUCT_BUNDLE_IDENTIFIER = MCS.mapkitStuffTests;
				PRODUCT_NAME = "$(TARGET_NAME)";
				SWIFT_VERSION = 4.0;
				TARGETED_DEVICE_FAMILY = "1,2";
				TEST_HOST = "$(BUILT_PRODUCTS_DIR)/mapkitStuff.app/mapkitStuff";
			};
			name = Debug;
		};
		BB3F3DD21FFD761300184D79 /* Release */ = {
			isa = XCBuildConfiguration;
			buildSettings = {
				ALWAYS_EMBED_SWIFT_STANDARD_LIBRARIES = YES;
				BUNDLE_LOADER = "$(TEST_HOST)";
				CODE_SIGN_STYLE = Automatic;
				DEVELOPMENT_TEAM = MQGFV89F88;
				INFOPLIST_FILE = mapkitStuffTests/Info.plist;
				LD_RUNPATH_SEARCH_PATHS = "$(inherited) @executable_path/Frameworks @loader_path/Frameworks";
				PRODUCT_BUNDLE_IDENTIFIER = MCS.mapkitStuffTests;
				PRODUCT_NAME = "$(TARGET_NAME)";
				SWIFT_VERSION = 4.0;
				TARGETED_DEVICE_FAMILY = "1,2";
				TEST_HOST = "$(BUILT_PRODUCTS_DIR)/mapkitStuff.app/mapkitStuff";
			};
			name = Release;
		};
/* End XCBuildConfiguration section */

/* Begin XCConfigurationList section */
		BB3F3DA81FFD761300184D79 /* Build configuration list for PBXProject "mapkitStuff" */ = {
			isa = XCConfigurationList;
			buildConfigurations = (
				BB3F3DCB1FFD761300184D79 /* Debug */,
				BB3F3DCC1FFD761300184D79 /* Release */,
			);
			defaultConfigurationIsVisible = 0;
			defaultConfigurationName = Release;
		};
		BB3F3DCD1FFD761300184D79 /* Build configuration list for PBXNativeTarget "mapkitStuff" */ = {
			isa = XCConfigurationList;
			buildConfigurations = (
				BB3F3DCE1FFD761300184D79 /* Debug */,
				BB3F3DCF1FFD761300184D79 /* Release */,
			);
			defaultConfigurationIsVisible = 0;
			defaultConfigurationName = Release;
		};
		BB3F3DD01FFD761300184D79 /* Build configuration list for PBXNativeTarget "mapkitStuffTests" */ = {
			isa = XCConfigurationList;
			buildConfigurations = (
				BB3F3DD11FFD761300184D79 /* Debug */,
				BB3F3DD21FFD761300184D79 /* Release */,
			);
			defaultConfigurationIsVisible = 0;
			defaultConfigurationName = Release;
		};
/* End XCConfigurationList section */

/* Begin XCVersionGroup section */
		BB3F3DB71FFD761300184D79 /* mapkitStuff.xcdatamodeld */ = {
			isa = XCVersionGroup;
			children = (
				BB3F3DB81FFD761300184D79 /* mapkitStuff.xcdatamodel */,
			);
			currentVersion = BB3F3DB81FFD761300184D79 /* mapkitStuff.xcdatamodel */;
			path = mapkitStuff.xcdatamodeld;
			sourceTree = "<group>";
			versionGroupType = wrapper.xcdatamodel;
		};
/* End XCVersionGroup section */
	};
	rootObject = BB3F3DA51FFD761300184D79 /* Project object */;
}
